
Microsoft Visual Studio Solution File, Format Version 12.00
# Visual Studio Version 17
VisualStudioVersion = 17.3.32929.385
MinimumVisualStudioVersion = 10.0.40219.1
Project("{FAE04EC0-301F-11D3-BF4B-00C04F79EFBC}") = "MvcMovie", "MvcMovie\MvcMovie.csproj", "{AC23ABD7-9587-4AB6-9235-259E1E4DB7F9}"
EndProject
Global
	GlobalSection(SolutionConfigurationPlatforms) = preSolution
		Debug|Any CPU = Debug|Any CPU
		Release|Any CPU = Release|Any CPU
	EndGlobalSection
	GlobalSection(ProjectConfigurationPlatforms) = postSolution
		{AC23ABD7-9587-4AB6-9235-259E1E4DB7F9}.Debug|Any CPU.ActiveCfg = Debug|Any CPU
		{AC23ABD7-9587-4AB6-9235-259E1E4DB7F9}.Debug|Any CPU.Build.0 = Debug|Any CPU
		{AC23ABD7-9587-4AB6-9235-259E1E4DB7F9}.Release|Any CPU.ActiveCfg = Release|Any CPU
		{AC23ABD7-9587-4AB6-9235-259E1E4DB7F9}.Release|Any CPU.Build.0 = Release|Any CPU
	EndGlobalSection
	GlobalSection(SolutionProperties) = preSolution
		HideSolutionNode = FALSE
	EndGlobalSection
	GlobalSection(ExtensibilityGlobals) = postSolution
		SolutionGuid = {159ECF93-2F0B-4F84-8293-5C093D7A7359}
	EndGlobalSection
EndGlobal
